{
  "name": "@lumine-code/scoped-property-store",
  "version": "1.0.0",
  "lockfileVersion": 3,
  "requires": true,
  "packages": {
    "": {
      "name": "@lumine-code/scoped-property-store",
      "version": "1.0.0",
      "license": "MIT",
      "dependencies": {
        "@lumine-code/underscore-plus": "https://github.com/lumine-code/underscore-plus.git#330ad1fe2fae4e495a5f52939d8d1d7592ce4e65",
        "atom-slick": "^2",
        "event-kit": "^2.5.3",
        "grim": "^2.0.3",
        "key-path-helpers": "^0.4.0"
      },
      "devDependencies": {
        "@lumine-code/jasmine-focused": "https://github.com/lumine-code/jasmine-focused.git#6d04426bcb107dc44b148a6d48172c918326c068",
        "coffeescript": "2.7.0"
      }
    },
    "node_modules/@lumine-code/coffeestack": {
      "version": "2.0.0",
      "resolved": "git+ssh://git@github.com/lumine-code/coffeestack.git#b5e51bce862c21a28fcb8f0f4fca7b8d4b57d885",
      "integrity": "sha512-WlHisdxXSN/dpz7Yvwl+L1ph8DDu+e2P60UQD7BMcy65xYZ8uDw66ib7+8Po3JRDi1mDpVtXqGYlpmpXcnWt6A==",
      "dev": true,
      "license": "BSD-3-Clause",
      "dependencies": {
        "coffeescript": "2.7.0",
        "source-map-js": "^1.2.1"
      },
      "engines": {
        "node": ">=20"
      }
    },
    "node_modules/@lumine-code/jasmine-focused": {
      "version": "2.0.0",
      "resolved": "git+ssh://git@github.com/lumine-code/jasmine-focused.git#6d04426bcb107dc44b148a6d48172c918326c068",
      "integrity": "sha512-Gh+2UqLA/L8o7gCEVwptCBxmras1dcTm/8QC2vpguzQDmPSqDRm4qRffWHsIfeVZklyJl8EVCB1mhfX2wV0V+A==",
      "dev": true,
      "license": "MIT",
      "dependencies": {
        "@lumine-code/jasmine-node": "https://github.com/lumine-code/jasmine-node.git#e8f7ea4bdcff09d812afdf356f95ccff91f26aa4",
        "walkdir": "^0.4.1"
      },
      "bin": {
        "jasmine-focused": "bin/jasmine-focused",
        "nof": "bin/nof"
      },
      "engines": {
        "node": ">=20"
      }
    },
    "node_modules/@lumine-code/jasmine-focused/node_modules/walkdir": {
      "version": "0.4.1",
      "resolved": "https://registry.npmjs.org/walkdir/-/walkdir-0.4.1.tgz",
      "integrity": "sha512-3eBwRyEln6E1MSzcxcVpQIhRG8Q1jLvEqRmCZqS3dsfXEDR/AhOF4d+jHg1qvDCpYaVRZjENPQyrVxAkQqxPgQ==",
      "dev": true,
      "license": "MIT",
      "engines": {
        "node": ">=6.0.0"
      }
    },
    "node_modules/@lumine-code/jasmine-node": {
      "version": "2.0.0",
      "resolved": "git+ssh://git@github.com/lumine-code/jasmine-node.git#e8f7ea4bdcff09d812afdf356f95ccff91f26aa4",
      "integrity": "sha512-TXFBENXmC08zX9w8cbqDd7NAo7qc4wzsPI2IA1Km6IEIqYWxeCtWGdrBd8YTeRxho5mgq1cULg9gFeI5XcJMcA==",
      "dev": true,
      "license": "MIT",
      "dependencies": {
        "@lumine-code/coffeestack": "https://github.com/lumine-code/coffeestack.git#b5e51bce862c21a28fcb8f0f4fca7b8d4b57d885",
        "chokidar": "^4.0.3",
        "coffee-script": "npm:coffeescript@2.7.0",
        "jasmine-reporters": "^2.5.2",
        "mkdirp": "^3.0.1",
        "requirejs": "^2.3.7",
        "underscore": "^1.13.8",
        "walkdir": "^0.4.1"
      },
      "bin": {
        "jasmine-node": "bin/jasmine-node"
      },
      "engines": {
        "node": ">=20"
      }
    },
    "node_modules/@lumine-code/jasmine-node/node_modules/coffee-script": {
      "name": "coffeescript",
      "version": "2.7.0",
      "resolved": "https://registry.npmjs.org/coffeescript/-/coffeescript-2.7.0.tgz",
      "integrity": "sha512-hzWp6TUE2d/jCcN67LrW1eh5b/rSDKQK6oD6VMLlggYVUUFexgTH9z3dNYihzX4RMhze5FTUsUmOXViJKFQR/A==",
      "dev": true,
      "license": "MIT",
      "bin": {
        "cake": "bin/cake",
        "coffee": "bin/coffee"
      },
      "engines": {
        "node": ">=6"
      }
    },
    "node_modules/@lumine-code/jasmine-node/node_modules/mkdirp": {
      "version": "3.0.1",
      "resolved": "https://registry.npmjs.org/mkdirp/-/mkdirp-3.0.1.tgz",
      "integrity": "sha512-+NsyUUAZDmo6YVHzL/stxSu3t9YS1iljliy3BSDrXJ/dkn1KYdmtZODGGjLcc9XLgVVpH4KshHB8XmZgMhaBXg==",
      "dev": true,
      "license": "MIT",
      "bin": {
        "mkdirp": "dist/cjs/src/bin.js"
      },
      "engines": {
        "node": ">=10"
      },
      "funding": {
        "url": "https://github.com/sponsors/isaacs"
      }
    },
    "node_modules/@lumine-code/jasmine-node/node_modules/walkdir": {
      "version": "0.4.1",
      "resolved": "https://registry.npmjs.org/walkdir/-/walkdir-0.4.1.tgz",
      "integrity": "sha512-3eBwRyEln6E1MSzcxcVpQIhRG8Q1jLvEqRmCZqS3dsfXEDR/AhOF4d+jHg1qvDCpYaVRZjENPQyrVxAkQqxPgQ==",
      "dev": true,
      "license": "MIT",
      "engines": {
        "node": ">=6.0.0"
      }
    },
    "node_modules/@lumine-code/underscore-plus": {
      "version": "2.0.0",
      "resolved": "git+ssh://git@github.com/lumine-code/underscore-plus.git#330ad1fe2fae4e495a5f52939d8d1d7592ce4e65",
      "integrity": "sha512-WdlMl0AbIVj1wlsvyxWVOHBgQDo26EkdNfcgpfq0heg5Lthef2wXCm3Hf/1eL7eQF8O2Kv8WirzphGv+ZV2Nrw==",
      "license": "MIT",
      "dependencies": {
        "underscore": "^1.13.8"
      },
      "engines": {
        "node": ">=20"
      }
    },
    "node_modules/@xmldom/xmldom": {
      "version": "0.8.13",
      "resolved": "https://registry.npmjs.org/@xmldom/xmldom/-/xmldom-0.8.13.tgz",
      "integrity": "sha512-KRYzxepc14G/CEpEGc3Yn+JKaAeT63smlDr+vjB8jRfgTBBI9wRj/nkQEO+ucV8p8I9bfKLWp37uHgFrbntPvw==",
      "dev": true,
      "license": "MIT",
      "engines": {
        "node": ">=10.0.0"
      }
    },
    "node_modules/atom-slick": {
      "version": "2.0.0",
      "resolved": "https://registry.npmjs.org/atom-slick/-/atom-slick-2.0.0.tgz",
      "integrity": "sha512-yKl/4ZHeP3v6gtncnX6pAPFNv3gQNNYlXMk1QYP5gYB6xq2xqkFXbpwQo3IixGUZMf+DHilAmHOrS21QKLLi9g==",
      "license": "MIT (http://mootools.net/license.txt)",
      "engines": {
        "node": "*"
      }
    },
    "node_modules/chokidar": {
      "version": "4.0.3",
      "resolved": "https://registry.npmjs.org/chokidar/-/chokidar-4.0.3.tgz",
      "integrity": "sha512-Qgzu8kfBvo+cA4962jnP1KkS6Dop5NS6g7R5LFYJr4b8Ub94PPQXUksCw9PvXoeXPRRddRNC5C1JQUR2SMGtnA==",
      "dev": true,
      "license": "MIT",
      "dependencies": {
        "readdirp": "^4.0.1"
      },
      "engines": {
        "node": ">= 14.16.0"
      },
      "funding": {
        "url": "https://paulmillr.com/funding/"
      }
    },
    "node_modules/coffeescript": {
      "version": "2.7.0",
      "resolved": "https://registry.npmjs.org/coffeescript/-/coffeescript-2.7.0.tgz",
      "integrity": "sha512-hzWp6TUE2d/jCcN67LrW1eh5b/rSDKQK6oD6VMLlggYVUUFexgTH9z3dNYihzX4RMhze5FTUsUmOXViJKFQR/A==",
      "dev": true,
      "license": "MIT",
      "bin": {
        "cake": "bin/cake",
        "coffee": "bin/coffee"
      },
      "engines": {
        "node": ">=6"
      }
    },
    "node_modules/event-kit": {
      "version": "2.5.3",
      "resolved": "https://registry.npmjs.org/event-kit/-/event-kit-2.5.3.tgz",
      "integrity": "sha512-b7Qi1JNzY4BfAYfnIRanLk0DOD1gdkWHT4GISIn8Q2tAf3LpU8SP2CMwWaq40imYoKWbtN4ZhbSRxvsnikooZQ==",
      "license": "MIT"
    },
    "node_modules/grim": {
      "version": "2.0.3",
      "resolved": "https://registry.npmjs.org/grim/-/grim-2.0.3.tgz",
      "integrity": "sha512-FM20Ump11qYLK9k9DbL8yzVpy+YBieya1JG15OeH8s+KbHq8kL4SdwRtURwIUHniSxb24EoBUpwKfFjGNVi4/Q==",
      "dependencies": {
        "event-kit": "^2.0.0"
      }
    },
    "node_modules/jasmine-reporters": {
      "version": "2.5.2",
      "resolved": "https://registry.npmjs.org/jasmine-reporters/-/jasmine-reporters-2.5.2.tgz",
      "integrity": "sha512-qdewRUuFOSiWhiyWZX8Yx3YNQ9JG51ntBEO4ekLQRpktxFTwUHy24a86zD/Oi2BRTKksEdfWQZcQFqzjqIkPig==",
      "dev": true,
      "license": "MIT",
      "dependencies": {
        "@xmldom/xmldom": "^0.8.5",
        "mkdirp": "^1.0.4"
      }
    },
    "node_modules/jasmine-reporters/node_modules/mkdirp": {
      "version": "1.0.4",
      "resolved": "https://registry.npmjs.org/mkdirp/-/mkdirp-1.0.4.tgz",
      "integrity": "sha512-vVqVZQyf3WLx2Shd0qJ9xuvqgAyKPLAiqITEtqW0oIUjzo3PePDd6fW9iFz30ef7Ysp/oiWqbhszeGWW2T6Gzw==",
      "dev": true,
      "license": "MIT",
      "bin": {
        "mkdirp": "bin/cmd.js"
      },
      "engines": {
        "node": ">=10"
      }
    },
    "node_modules/key-path-helpers": {
      "version": "0.4.0",
      "resolved": "https://registry.npmjs.org/key-path-helpers/-/key-path-helpers-0.4.0.tgz",
      "integrity": "sha512-WGl1FG6zjyXCU6YrOVrvanyN3iiLFPLr/UmZ/jGiEOd7CXQV83/Ng5aLGK/Erehtr1nxU8dOwnRjseQDGElMQw=="
    },
    "node_modules/readdirp": {
      "version": "4.1.2",
      "resolved": "https://registry.npmjs.org/readdirp/-/readdirp-4.1.2.tgz",
      "integrity": "sha512-GDhwkLfywWL2s6vEjyhri+eXmfH6j1L7JE27WhqLeYzoh/A3DBaYGEj2H/HFZCn/kMfim73FXxEJTw06WtxQwg==",
      "dev": true,
      "license": "MIT",
      "engines": {
        "node": ">= 14.18.0"
      },
      "funding": {
        "type": "individual",
        "url": "https://paulmillr.com/funding/"
      }
    },
    "node_modules/requirejs": {
      "version": "2.3.8",
      "resolved": "https://registry.npmjs.org/requirejs/-/requirejs-2.3.8.tgz",
      "integrity": "sha512-7/cTSLOdYkNBNJcDMWf+luFvMriVm7eYxp4BcFCsAX0wF421Vyce5SXP17c+Jd5otXKGNehIonFlyQXSowL6Mw==",
      "dev": true,
      "license": "MIT",
      "bin": {
        "r_js": "bin/r.js",
        "r.js": "bin/r.js"
      },
      "engines": {
        "node": ">=0.4.0"
      }
    },
    "node_modules/source-map-js": {
      "version": "1.2.1",
      "resolved": "https://registry.npmjs.org/source-map-js/-/source-map-js-1.2.1.tgz",
      "integrity": "sha512-UXWMKhLOwVKb728IUtQPXxfYU+usdybtUrK/8uGE8CQMvrhOpwvzDBwj0QhSL7MQc7vIsISBG8VQ8+IDQxpfQA==",
      "dev": true,
      "license": "BSD-3-Clause",
      "engines": {
        "node": ">=0.10.0"
      }
    },
    "node_modules/underscore": {
      "version": "1.13.8",
      "resolved": "https://registry.npmjs.org/underscore/-/underscore-1.13.8.tgz",
      "integrity": "sha512-DXtD3ZtEQzc7M8m4cXotyHR+FAS18C64asBYY5vqZexfYryNNnDc02W4hKg3rdQuqOYas1jkseX0+nZXjTXnvQ==",
      "license": "MIT"
    }
  }
}
